
Microsoft Visual Studio Solution File, Format Version 12.00
# Visual Studio Version 17
VisualStudioVersion = 17.11.35222.181
MinimumVisualStudioVersion = 10.0.40219.1
Project("{FAE04EC0-301F-11D3-BF4B-00C04F79EFBC}") = "OrderManagement", "OrderManagement.csproj", "{37612846-2665-4934-B28D-0C1CE778BF75}"
EndProject
Global
	GlobalSection(SolutionConfigurationPlatforms) = preSolution
		Debug|Any CPU = Debug|Any CPU
		Release|Any CPU = Release|Any CPU
	EndGlobalSection
	GlobalSection(ProjectConfigurationPlatforms) = postSolution
		{37612846-2665-4934-B28D-0C1CE778BF75}.Debug|Any CPU.ActiveCfg = Debug|Any CPU
		{37612846-2665-4934-B28D-0C1CE778BF75}.Debug|Any CPU.Build.0 = Debug|Any CPU
		{37612846-2665-4934-B28D-0C1CE778BF75}.Release|Any CPU.ActiveCfg = Release|Any CPU
		{37612846-2665-4934-B28D-0C1CE778BF75}.Release|Any CPU.Build.0 = Release|Any CPU
	EndGlobalSection
	GlobalSection(SolutionProperties) = preSolution
		HideSolutionNode = FALSE
	EndGlobalSection
	GlobalSection(ExtensibilityGlobals) = postSolution
		SolutionGuid = {56CBDEFB-267A-4BDE-A8C2-BCDC8008D683}
	EndGlobalSection
EndGlobal
